// !$*UTF8*$!
{
	archiveVersion = 1;
	classes = {
	};
	objectVersion = 48;
	objects = {

/* Begin PBXBuildFile section */
		09B18084C8F9EF9D09D3A935 /* Pods_Practista.framework in Frameworks */ = {isa = PBXBuildFile; fileRef = E5135E28B7CDB2A57727E687 /* Pods_Practista.framework */; };
		570B1B4CBDB98BD22433AB18 /* Pods_PractistaTests.framework in Frameworks */ = {isa = PBXBuildFile; fileRef = 62D8D241CF0A6AD9C1EE1AB4 /* Pods_PractistaTests.framework */; };
		632E6BE1D11D686D67948B23 /* Pods_PractistaUITests.framework in Frameworks */ = {isa = PBXBuildFile; fileRef = A6B7E40A5367B1F0658778ED /* Pods_PractistaUITests.framework */; };
		9BC9913820BC572B00E50E44 /* AppDelegate.swift in Sources */ = {isa = PBXBuildFile; fileRef = 9BC9913720BC572B00E50E44 /* AppDelegate.swift */; };
		9BC9913A20BC572B00E50E44 /* ViewController.swift in Sources */ = {isa = PBXBuildFile; fileRef = 9BC9913920BC572B00E50E44 /* ViewController.swift */; };
		9BC9913D20BC572B00E50E44 /* Main.storyboard in Resources */ = {isa = PBXBuildFile; fileRef = 9BC9913B20BC572B00E50E44 /* Main.storyboard */; };
		9BC9914020BC572B00E50E44 /* Practista.xcdatamodeld in Sources */ = {isa = PBXBuildFile; fileRef = 9BC9913E20BC572B00E50E44 /* Practista.xcdatamodeld */; };
		9BC9914220BC572B00E50E44 /* Assets.xcassets in Resources */ = {isa = PBXBuildFile; fileRef = 9BC9914120BC572B00E50E44 /* Assets.xcassets */; };
		9BC9914520BC572B00E50E44 /* LaunchScreen.storyboard in Resources */ = {isa = PBXBuildFile; fileRef = 9BC9914320BC572B00E50E44 /* LaunchScreen.storyboard */; };
		9BC9915020BC572B00E50E44 /* PractistaTests.swift in Sources */ = {isa = PBXBuildFile; fileRef = 9BC9914F20BC572B00E50E44 /* PractistaTests.swift */; };
		9BC9915B20BC572B00E50E44 /* PractistaUITests.swift in Sources */ = {isa = PBXBuildFile; fileRef = 9BC9915A20BC572B00E50E44 /* PractistaUITests.swift */; };
		9BC9916A20BC686600E50E44 /* extentions.swift in Sources */ = {isa = PBXBuildFile; fileRef = 9BC9916920BC686600E50E44 /* extentions.swift */; };
		9BC9916C20BC704E00E50E44 /* GoogleService-Info.plist in Resources */ = {isa = PBXBuildFile; fileRef = 9BC9916B20BC704D00E50E44 /* GoogleService-Info.plist */; };
/* End PBXBuildFile section */

/* Begin PBXContainerItemProxy section */
		9BC9914C20BC572B00E50E44 /* PBXContainerItemProxy */ = {
			isa = PBXContainerItemProxy;
			containerPortal = 9BC9912C20BC572B00E50E44 /* Project object */;
			proxyType = 1;
			remoteGlobalIDString = 9BC9913320BC572B00E50E44;
			remoteInfo = Practista;
		};
		9BC9915720BC572B00E50E44 /* PBXContainerItemProxy */ = {
			isa = PBXContainerItemProxy;
			containerPortal = 9BC9912C20BC572B00E50E44 /* Project object */;
			proxyType = 1;
			remoteGlobalIDString = 9BC9913320BC572B00E50E44;
			remoteInfo = Practista;
		};
/* End PBXContainerItemProxy section */

/* Begin PBXFileReference section */
		04BFF43FB7AC6628B17AADC8 /* Pods-PractistaTests.release.xcconfig */ = {isa = PBXFileReference; includeInIndex = 1; lastKnownFileType = text.xcconfig; name = "Pods-PractistaTests.release.xcconfig"; path = "Pods/Target Support Files/Pods-PractistaTests/Pods-PractistaTests.release.xcconfig"; sourceTree = "<group>"; };
		21FE03C32A8E2EA2E8EAB9CB /* Pods-PractistaTests.debug.xcconfig */ = {isa = PBXFileReference; includeInIndex = 1; lastKnownFileType = text.xcconfig; name = "Pods-PractistaTests.debug.xcconfig"; path = "Pods/Target Support Files/Pods-PractistaTests/Pods-PractistaTests.debug.xcconfig"; sourceTree = "<group>"; };
		26B10FF8302F4A3E2AD19786 /* Pods-PractistaUITests.debug.xcconfig */ = {isa = PBXFileReference; includeInIndex = 1; lastKnownFileType = text.xcconfig; name = "Pods-PractistaUITests.debug.xcconfig"; path = "Pods/Target Support Files/Pods-PractistaUITests/Pods-PractistaUITests.debug.xcconfig"; sourceTree = "<group>"; };
		36EF1938AA74F1627B1F8655 /* Pods-Practista.release.xcconfig */ = {isa = PBXFileReference; includeInIndex = 1; lastKnownFileType = text.xcconfig; name = "Pods-Practista.release.xcconfig"; path = "Pods/Target Support Files/Pods-Practista/Pods-Practista.release.xcconfig"; sourceTree = "<group>"; };
		62D8D241CF0A6AD9C1EE1AB4 /* Pods_PractistaTests.framework */ = {isa = PBXFileReference; explicitFileType = wrapper.framework; includeInIndex = 0; path = Pods_PractistaTests.framework; sourceTree = BUILT_PRODUCTS_DIR; };
		66854DD68C52B84104B60706 /* Pods-PractistaUITests.release.xcconfig */ = {isa = PBXFileReference; includeInIndex = 1; lastKnownFileType = text.xcconfig; name = "Pods-PractistaUITests.release.xcconfig"; path = "Pods/Target Support Files/Pods-PractistaUITests/Pods-PractistaUITests.release.xcconfig"; sourceTree = "<group>"; };
		9BC9913420BC572B00E50E44 /* Practista.app */ = {isa = PBXFileReference; explicitFileType = wrapper.application; includeInIndex = 0; path = Practista.app; sourceTree = BUILT_PRODUCTS_DIR; };
		9BC9913720BC572B00E50E44 /* AppDelegate.swift */ = {isa = PBXFileReference; lastKnownFileType = sourcecode.swift; path = AppDelegate.swift; sourceTree = "<group>"; };
		9BC9913920BC572B00E50E44 /* ViewController.swift */ = {isa = PBXFileReference; lastKnownFileType = sourcecode.swift; path = ViewController.swift; sourceTree = "<group>"; };
		9BC9913C20BC572B00E50E44 /* Base */ = {isa = PBXFileReference; lastKnownFileType = file.storyboard; name = Base; path = Base.lproj/Main.storyboard; sourceTree = "<group>"; };
		9BC9913F20BC572B00E50E44 /* Practista.xcdatamodel */ = {isa = PBXFileReference; lastKnownFileType = wrapper.xcdatamodel; path = Practista.xcdatamodel; sourceTree = "<group>"; };
		9BC9914120BC572B00E50E44 /* Assets.xcassets */ = {isa = PBXFileReference; lastKnownFileType = folder.assetcatalog; path = Assets.xcassets; sourceTree = "<group>"; };
		9BC9914420BC572B00E50E44 /* Base */ = {isa = PBXFileReference; lastKnownFileType = file.storyboard; name = Base; path = Base.lproj/LaunchScreen.storyboard; sourceTree = "<group>"; };
		9BC9914620BC572B00E50E44 /* Info.plist */ = {isa = PBXFileReference; lastKnownFileType = text.plist.xml; path = Info.plist; sourceTree = "<group>"; };
		9BC9914B20BC572B00E50E44 /* PractistaTests.xctest */ = {isa = PBXFileReference; explicitFileType = wrapper.cfbundle; includeInIndex = 0; path = PractistaTests.xctest; sourceTree = BUILT_PRODUCTS_DIR; };
		9BC9914F20BC572B00E50E44 /* PractistaTests.swift */ = {isa = PBXFileReference; lastKnownFileType = sourcecode.swift; path = PractistaTests.swift; sourceTree = "<group>"; };
		9BC9915120BC572B00E50E44 /* Info.plist */ = {isa = PBXFileReference; lastKnownFileType = text.plist.xml; path = Info.plist; sourceTree = "<group>"; };
		9BC9915620BC572B00E50E44 /* PractistaUITests.xctest */ = {isa = PBXFileReference; explicitFileType = wrapper.cfbundle; includeInIndex = 0; path = PractistaUITests.xctest; sourceTree = BUILT_PRODUCTS_DIR; };
		9BC9915A20BC572B00E50E44 /* PractistaUITests.swift */ = {isa = PBXFileReference; lastKnownFileType = sourcecode.swift; path = PractistaUITests.swift; sourceTree = "<group>"; };
		9BC9915C20BC572B00E50E44 /* Info.plist */ = {isa = PBXFileReference; lastKnownFileType = text.plist.xml; path = Info.plist; sourceTree = "<group>"; };
		9BC9916920BC686600E50E44 /* extentions.swift */ = {isa = PBXFileReference; lastKnownFileType = sourcecode.swift; path = extentions.swift; sourceTree = "<group>"; };
		9BC9916B20BC704D00E50E44 /* GoogleService-Info.plist */ = {isa = PBXFileReference; fileEncoding = 4; lastKnownFileType = text.plist.xml; path = "GoogleService-Info.plist"; sourceTree = "<group>"; };
		A6B7E40A5367B1F0658778ED /* Pods_PractistaUITests.framework */ = {isa = PBXFileReference; explicitFileType = wrapper.framework; includeInIndex = 0; path = Pods_PractistaUITests.framework; sourceTree = BUILT_PRODUCTS_DIR; };
		DCC0927376E41E880E748A19 /* Pods-Practista.debug.xcconfig */ = {isa = PBXFileReference; includeInIndex = 1; lastKnownFileType = text.xcconfig; name = "Pods-Practista.debug.xcconfig"; path = "Pods/Target Support Files/Pods-Practista/Pods-Practista.debug.xcconfig"; sourceTree = "<group>"; };
		E5135E28B7CDB2A57727E687 /* Pods_Practista.framework */ = {isa = PBXFileReference; explicitFileType = wrapper.framework; includeInIndex = 0; path = Pods_Practista.framework; sourceTree = BUILT_PRODUCTS_DIR; };
/* End PBXFileReference section */

/* Begin PBXFrameworksBuildPhase section */
		9BC9913120BC572B00E50E44 /* Frameworks */ = {
			isa = PBXFrameworksBuildPhase;
			buildActionMask = 2147483647;
			files = (
				09B18084C8F9EF9D09D3A935 /* Pods_Practista.framework in Frameworks */,
			);
			runOnlyForDeploymentPostprocessing = 0;
		};
		9BC9914820BC572B00E50E44 /* Frameworks */ = {
			isa = PBXFrameworksBuildPhase;
			buildActionMask = 2147483647;
			files = (
				570B1B4CBDB98BD22433AB18 /* Pods_PractistaTests.framework in Frameworks */,
			);
			runOnlyForDeploymentPostprocessing = 0;
		};
		9BC9915320BC572B00E50E44 /* Frameworks */ = {
			isa = PBXFrameworksBuildPhase;
			buildActionMask = 2147483647;
			files = (
				632E6BE1D11D686D67948B23 /* Pods_PractistaUITests.framework in Frameworks */,
			);
			runOnlyForDeploymentPostprocessing = 0;
		};
/* End PBXFrameworksBuildPhase section */

/* Begin PBXGroup section */
		9BC9912B20BC572B00E50E44 = {
			isa = PBXGroup;
			children = (
				9BC9913620BC572B00E50E44 /* Practista */,
				9BC9914E20BC572B00E50E44 /* PractistaTests */,
				9BC9915920BC572B00E50E44 /* PractistaUITests */,
				9BC9913520BC572B00E50E44 /* Products */,
				C366B08487CC0A04228EA61D /* Pods */,
				B48EB2A92721FA2382EEF6EE /* Frameworks */,
			);
			sourceTree = "<group>";
		};
		9BC9913520BC572B00E50E44 /* Products */ = {
			isa = PBXGroup;
			children = (
				9BC9913420BC572B00E50E44 /* Practista.app */,
				9BC9914B20BC572B00E50E44 /* PractistaTests.xctest */,
				9BC9915620BC572B00E50E44 /* PractistaUITests.xctest */,
			);
			name = Products;
			sourceTree = "<group>";
		};
		9BC9913620BC572B00E50E44 /* Practista */ = {
			isa = PBXGroup;
			children = (
				9BC9916820BC684200E50E44 /* Utils */,
				9BC9913720BC572B00E50E44 /* AppDelegate.swift */,
				9BC9913920BC572B00E50E44 /* ViewController.swift */,
				9BC9913B20BC572B00E50E44 /* Main.storyboard */,
				9BC9914120BC572B00E50E44 /* Assets.xcassets */,
				9BC9914320BC572B00E50E44 /* LaunchScreen.storyboard */,
				9BC9914620BC572B00E50E44 /* Info.plist */,
				9BC9916B20BC704D00E50E44 /* GoogleService-Info.plist */,
				9BC9913E20BC572B00E50E44 /* Practista.xcdatamodeld */,
			);
			path = Practista;
			sourceTree = "<group>";
		};
		9BC9914E20BC572B00E50E44 /* PractistaTests */ = {
			isa = PBXGroup;
			children = (
				9BC9914F20BC572B00E50E44 /* PractistaTests.swift */,
				9BC9915120BC572B00E50E44 /* Info.plist */,
			);
			path = PractistaTests;
			sourceTree = "<group>";
		};
		9BC9915920BC572B00E50E44 /* PractistaUITests */ = {
			isa = PBXGroup;
			children = (
				9BC9915A20BC572B00E50E44 /* PractistaUITests.swift */,
				9BC9915C20BC572B00E50E44 /* Info.plist */,
			);
			path = PractistaUITests;
			sourceTree = "<group>";
		};
		9BC9916820BC684200E50E44 /* Utils */ = {
			isa = PBXGroup;
			children = (
				9BC9916920BC686600E50E44 /* extentions.swift */,
			);
			path = Utils;
			sourceTree = "<group>";
		};
		B48EB2A92721FA2382EEF6EE /* Frameworks */ = {
			isa = PBXGroup;
			children = (
				E5135E28B7CDB2A57727E687 /* Pods_Practista.framework */,
				62D8D241CF0A6AD9C1EE1AB4 /* Pods_PractistaTests.framework */,
				A6B7E40A5367B1F0658778ED /* Pods_PractistaUITests.framework */,
			);
			name = Frameworks;
			sourceTree = "<group>";
		};
		C366B08487CC0A04228EA61D /* Pods */ = {
			isa = PBXGroup;
			children = (
				DCC0927376E41E880E748A19 /* Pods-Practista.debug.xcconfig */,
				36EF1938AA74F1627B1F8655 /* Pods-Practista.release.xcconfig */,
				21FE03C32A8E2EA2E8EAB9CB /* Pods-PractistaTests.debug.xcconfig */,
				04BFF43FB7AC6628B17AADC8 /* Pods-PractistaTests.release.xcconfig */,
				26B10FF8302F4A3E2AD19786 /* Pods-PractistaUITests.debug.xcconfig */,
				66854DD68C52B84104B60706 /* Pods-PractistaUITests.release.xcconfig */,
			);
			name = Pods;
			sourceTree = "<group>";
		};
/* End PBXGroup section */

/* Begin PBXNativeTarget section */
		9BC9913320BC572B00E50E44 /* Practista */ = {
			isa = PBXNativeTarget;
			buildConfigurationList = 9BC9915F20BC572B00E50E44 /* Build configuration list for PBXNativeTarget "Practista" */;
			buildPhases = (
				34E343DFD54705122095C7DC /* [CP] Check Pods Manifest.lock */,
				9BC9913020BC572B00E50E44 /* Sources */,
				9BC9913120BC572B00E50E44 /* Frameworks */,
				9BC9913220BC572B00E50E44 /* Resources */,
				311AF412004C5294D21A8322 /* [CP] Embed Pods Frameworks */,
			);
			buildRules = (
			);
			dependencies = (
			);
			name = Practista;
			productName = Practista;
			productReference = 9BC9913420BC572B00E50E44 /* Practista.app */;
			productType = "com.apple.product-type.application";
		};
		9BC9914A20BC572B00E50E44 /* PractistaTests */ = {
			isa = PBXNativeTarget;
			buildConfigurationList = 9BC9916220BC572B00E50E44 /* Build configuration list for PBXNativeTarget "PractistaTests" */;
			buildPhases = (
				91B4FBEBF54E2935A5D2F5C3 /* [CP] Check Pods Manifest.lock */,
				9BC9914720BC572B00E50E44 /* Sources */,
				9BC9914820BC572B00E50E44 /* Frameworks */,
				9BC9914920BC572B00E50E44 /* Resources */,
			);
			buildRules = (
			);
			dependencies = (
				9BC9914D20BC572B00E50E44 /* PBXTargetDependency */,
			);
			name = PractistaTests;
			productName = PractistaTests;
			productReference = 9BC9914B20BC572B00E50E44 /* PractistaTests.xctest */;
			productType = "com.apple.product-type.bundle.unit-test";
		};
		9BC9915520BC572B00E50E44 /* PractistaUITests */ = {
			isa = PBXNativeTarget;
			buildConfigurationList = 9BC9916520BC572B00E50E44 /* Build configuration list for PBXNativeTarget "PractistaUITests" */;
			buildPhases = (
				6454602BD65B25F5BC6161B1 /* [CP] Check Pods Manifest.lock */,
				9BC9915220BC572B00E50E44 /* Sources */,
				9BC9915320BC572B00E50E44 /* Frameworks */,
				9BC9915420BC572B00E50E44 /* Resources */,
			);
			buildRules = (
			);
			dependencies = (
				9BC9915820BC572B00E50E44 /* PBXTargetDependency */,
			);
			name = PractistaUITests;
			productName = PractistaUITests;
			productReference = 9BC9915620BC572B00E50E44 /* PractistaUITests.xctest */;
			productType = "com.apple.product-type.bundle.ui-testing";
		};
/* End PBXNativeTarget section */

/* Begin PBXProject section */
		9BC9912C20BC572B00E50E44 /* Project object */ = {
			isa = PBXProject;
			attributes = {
				LastSwiftUpdateCheck = 0910;
				LastUpgradeCheck = 0910;
				ORGANIZATIONNAME = "Madhusudhan B.R";
				TargetAttributes = {
					9BC9913320BC572B00E50E44 = {
						CreatedOnToolsVersion = 9.1;
						ProvisioningStyle = Automatic;
					};
					9BC9914A20BC572B00E50E44 = {
						CreatedOnToolsVersion = 9.1;
						ProvisioningStyle = Automatic;
						TestTargetID = 9BC9913320BC572B00E50E44;
					};
					9BC9915520BC572B00E50E44 = {
						CreatedOnToolsVersion = 9.1;
						ProvisioningStyle = Automatic;
						TestTargetID = 9BC9913320BC572B00E50E44;
					};
				};
			};
			buildConfigurationList = 9BC9912F20BC572B00E50E44 /* Build configuration list for PBXProject "Practista" */;
			compatibilityVersion = "Xcode 8.0";
			developmentRegion = en;
			hasScannedForEncodings = 0;
			knownRegions = (
				en,
				Base,
			);
			mainGroup = 9BC9912B20BC572B00E50E44;
			productRefGroup = 9BC9913520BC572B00E50E44 /* Products */;
			projectDirPath = "";
			projectRoot = "";
			targets = (
				9BC9913320BC572B00E50E44 /* Practista */,
				9BC9914A20BC572B00E50E44 /* PractistaTests */,
				9BC9915520BC572B00E50E44 /* PractistaUITests */,
			);
		};
/* End PBXProject section */

/* Begin PBXResourcesBuildPhase section */
		9BC9913220BC572B00E50E44 /* Resources */ = {
			isa = PBXResourcesBuildPhase;
			buildActionMask = 2147483647;
			files = (
				9BC9914520BC572B00E50E44 /* LaunchScreen.storyboard in Resources */,
				9BC9916C20BC704E00E50E44 /* GoogleService-Info.plist in Resources */,
				9BC9914220BC572B00E50E44 /* Assets.xcassets in Resources */,
				9BC9913D20BC572B00E50E44 /* Main.storyboard in Resources */,
			);
			runOnlyForDeploymentPostprocessing = 0;
		};
		9BC9914920BC572B00E50E44 /* Resources */ = {
			isa = PBXResourcesBuildPhase;
			buildActionMask = 2147483647;
			files = (
			);
			runOnlyForDeploymentPostprocessing = 0;
		};
		9BC9915420BC572B00E50E44 /* Resources */ = {
			isa = PBXResourcesBuildPhase;
			buildActionMask = 2147483647;
			files = (
			);
			runOnlyForDeploymentPostprocessing = 0;
		};
/* End PBXResourcesBuildPhase section */

/* Begin PBXShellScriptBuildPhase section */
		311AF412004C5294D21A8322 /* [CP] Embed Pods Frameworks */ = {
			isa = PBXShellScriptBuildPhase;
			buildActionMask = 2147483647;
			files = (
			);
			inputPaths = (
				"${SRCROOT}/Pods/Target Support Files/Pods-Practista/Pods-Practista-frameworks.sh",
				"${BUILT_PRODUCTS_DIR}/GTMSessionFetcher/GTMSessionFetcher.framework",
				"${BUILT_PRODUCTS_DIR}/GoogleToolboxForMac/GoogleToolboxForMac.framework",
				"${BUILT_PRODUCTS_DIR}/leveldb-library/leveldb.framework",
				"${BUILT_PRODUCTS_DIR}/nanopb/nanopb.framework",
			);
			name = "[CP] Embed Pods Frameworks";
			outputPaths = (
				"${TARGET_BUILD_DIR}/${FRAMEWORKS_FOLDER_PATH}/GTMSessionFetcher.framework",
				"${TARGET_BUILD_DIR}/${FRAMEWORKS_FOLDER_PATH}/GoogleToolboxForMac.framework",
				"${TARGET_BUILD_DIR}/${FRAMEWORKS_FOLDER_PATH}/leveldb.framework",
				"${TARGET_BUILD_DIR}/${FRAMEWORKS_FOLDER_PATH}/nanopb.framework",
			);
			runOnlyForDeploymentPostprocessing = 0;
			shellPath = /bin/sh;
			shellScript = "\"${SRCROOT}/Pods/Target Support Files/Pods-Practista/Pods-Practista-frameworks.sh\"\n";
			showEnvVarsInLog = 0;
		};
		34E343DFD54705122095C7DC /* [CP] Check Pods Manifest.lock */ = {
			isa = PBXShellScriptBuildPhase;
			buildActionMask = 2147483647;
			files = (
			);
			inputPaths = (
				"${PODS_PODFILE_DIR_PATH}/Podfile.lock",
				"${PODS_ROOT}/Manifest.lock",
			);
			name = "[CP] Check Pods Manifest.lock";
			outputPaths = (
				"$(DERIVED_FILE_DIR)/Pods-Practista-checkManifestLockResult.txt",
			);
			runOnlyForDeploymentPostprocessing = 0;
			shellPath = /bin/sh;
			shellScript = "diff \"${PODS_PODFILE_DIR_PATH}/Podfile.lock\" \"${PODS_ROOT}/Manifest.lock\" > /dev/null\nif [ $? != 0 ] ; then\n    # print error to STDERR\n    echo \"error: The sandbox is not in sync with the Podfile.lock. Run 'pod install' or update your CocoaPods installation.\" >&2\n    exit 1\nfi\n# This output is used by Xcode 'outputs' to avoid re-running this script phase.\necho \"SUCCESS\" > \"${SCRIPT_OUTPUT_FILE_0}\"\n";
			showEnvVarsInLog = 0;
		};
		6454602BD65B25F5BC6161B1 /* [CP] Check Pods Manifest.lock */ = {
			isa = PBXShellScriptBuildPhase;
			buildActionMask = 2147483647;
			files = (
			);
			inputPaths = (
				"${PODS_PODFILE_DIR_PATH}/Podfile.lock",
				"${PODS_ROOT}/Manifest.lock",
			);
			name = "[CP] Check Pods Manifest.lock";
			outputPaths = (
				"$(DERIVED_FILE_DIR)/Pods-PractistaUITests-checkManifestLockResult.txt",
			);
			runOnlyForDeploymentPostprocessing = 0;
			shellPath = /bin/sh;
			shellScript = "diff \"${PODS_PODFILE_DIR_PATH}/Podfile.lock\" \"${PODS_ROOT}/Manifest.lock\" > /dev/null\nif [ $? != 0 ] ; then\n    # print error to STDERR\n    echo \"error: The sandbox is not in sync with the Podfile.lock. Run 'pod install' or update your CocoaPods installation.\" >&2\n    exit 1\nfi\n# This output is used by Xcode 'outputs' to avoid re-running this script phase.\necho \"SUCCESS\" > \"${SCRIPT_OUTPUT_FILE_0}\"\n";
			showEnvVarsInLog = 0;
		};
		91B4FBEBF54E2935A5D2F5C3 /* [CP] Check Pods Manifest.lock */ = {
			isa = PBXShellScriptBuildPhase;
			buildActionMask = 2147483647;
			files = (
			);
			inputPaths = (
				"${PODS_PODFILE_DIR_PATH}/Podfile.lock",
				"${PODS_ROOT}/Manifest.lock",
			);
			name = "[CP] Check Pods Manifest.lock";
			outputPaths = (
				"$(DERIVED_FILE_DIR)/Pods-PractistaTests-checkManifestLockResult.txt",
			);
			runOnlyForDeploymentPostprocessing = 0;
			shellPath = /bin/sh;
			shellScript = "diff \"${PODS_PODFILE_DIR_PATH}/Podfile.lock\" \"${PODS_ROOT}/Manifest.lock\" > /dev/null\nif [ $? != 0 ] ; then\n    # print error to STDERR\n    echo \"error: The sandbox is not in sync with the Podfile.lock. Run 'pod install' or update your CocoaPods installation.\" >&2\n    exit 1\nfi\n# This output is used by Xcode 'outputs' to avoid re-running this script phase.\necho \"SUCCESS\" > \"${SCRIPT_OUTPUT_FILE_0}\"\n";
			showEnvVarsInLog = 0;
		};
/* End PBXShellScriptBuildPhase section */

/* Begin PBXSourcesBuildPhase section */
		9BC9913020BC572B00E50E44 /* Sources */ = {
			isa = PBXSourcesBuildPhase;
			buildActionMask = 2147483647;
			files = (
				9BC9916A20BC686600E50E44 /* extentions.swift in Sources */,
				9BC9913A20BC572B00E50E44 /* ViewController.swift in Sources */,
				9BC9913820BC572B00E50E44 /* AppDelegate.swift in Sources */,
				9BC9914020BC572B00E50E44 /* Practista.xcdatamodeld in Sources */,
			);
			runOnlyForDeploymentPostprocessing = 0;
		};
		9BC9914720BC572B00E50E44 /* Sources */ = {
			isa = PBXSourcesBuildPhase;
			buildActionMask = 2147483647;
			files = (
				9BC9915020BC572B00E50E44 /* PractistaTests.swift in Sources */,
			);
			runOnlyForDeploymentPostprocessing = 0;
		};
		9BC9915220BC572B00E50E44 /* Sources */ = {
			isa = PBXSourcesBuildPhase;
			buildActionMask = 2147483647;
			files = (
				9BC9915B20BC572B00E50E44 /* PractistaUITests.swift in Sources */,
			);
			runOnlyForDeploymentPostprocessing = 0;
		};
/* End PBXSourcesBuildPhase section */

/* Begin PBXTargetDependency section */
		9BC9914D20BC572B00E50E44 /* PBXTargetDependency */ = {
			isa = PBXTargetDependency;
			target = 9BC9913320BC572B00E50E44 /* Practista */;
			targetProxy = 9BC9914C20BC572B00E50E44 /* PBXContainerItemProxy */;
		};
		9BC9915820BC572B00E50E44 /* PBXTargetDependency */ = {
			isa = PBXTargetDependency;
			target = 9BC9913320BC572B00E50E44 /* Practista */;
			targetProxy = 9BC9915720BC572B00E50E44 /* PBXContainerItemProxy */;
		};
/* End PBXTargetDependency section */

/* Begin PBXVariantGroup section */
		9BC9913B20BC572B00E50E44 /* Main.storyboard */ = {
			isa = PBXVariantGroup;
			children = (
				9BC9913C20BC572B00E50E44 /* Base */,
			);
			name = Main.storyboard;
			sourceTree = "<group>";
		};
		9BC9914320BC572B00E50E44 /* LaunchScreen.storyboard */ = {
			isa = PBXVariantGroup;
			children = (
				9BC9914420BC572B00E50E44 /* Base */,
			);
			name = LaunchScreen.storyboard;
			sourceTree = "<group>";
		};
/* End PBXVariantGroup section */

/* Begin XCBuildConfiguration section */
		9BC9915D20BC572B00E50E44 /* Debug */ = {
			isa = XCBuildConfiguration;
			buildSettings = {
				ALWAYS_SEARCH_USER_PATHS = NO;
				CLANG_ANALYZER_NONNULL = YES;
				CLANG_ANALYZER_NUMBER_OBJECT_CONVERSION = YES_AGGRESSIVE;
				CLANG_CXX_LANGUAGE_STANDARD = "gnu++14";
				CLANG_CXX_LIBRARY = "libc++";
				CLANG_ENABLE_MODULES = YES;
				CLANG_ENABLE_OBJC_ARC = YES;
				CLANG_WARN_BLOCK_CAPTURE_AUTORELEASING = YES;
				CLANG_WARN_BOOL_CONVERSION = YES;
				CLANG_WARN_COMMA = YES;
				CLANG_WARN_CONSTANT_CONVERSION = YES;
				CLANG_WARN_DIRECT_OBJC_ISA_USAGE = YES_ERROR;
				CLANG_WARN_DOCUMENTATION_COMMENTS = YES;
				CLANG_WARN_EMPTY_BODY = YES;
				CLANG_WARN_ENUM_CONVERSION = YES;
				CLANG_WARN_INFINITE_RECURSION = YES;
				CLANG_WARN_INT_CONVERSION = YES;
				CLANG_WARN_NON_LITERAL_NULL_CONVERSION = YES;
				CLANG_WARN_OBJC_LITERAL_CONVERSION = YES;
				CLANG_WARN_OBJC_ROOT_CLASS = YES_ERROR;
				CLANG_WARN_RANGE_LOOP_ANALYSIS = YES;
				CLANG_WARN_STRICT_PROTOTYPES = YES;
				CLANG_WARN_SUSPICIOUS_MOVE = YES;
				CLANG_WARN_UNGUARDED_AVAILABILITY = YES_AGGRESSIVE;
				CLANG_WARN_UNREACHABLE_CODE = YES;
				CLANG_WARN__DUPLICATE_METHOD_MATCH = YES;
				CODE_SIGN_IDENTITY = "iPhone Developer";
				COPY_PHASE_STRIP = NO;
				DEBUG_INFORMATION_FORMAT = dwarf;
				ENABLE_STRICT_OBJC_MSGSEND = YES;
				ENABLE_TESTABILITY = YES;
				GCC_C_LANGUAGE_STANDARD = gnu11;
				GCC_DYNAMIC_NO_PIC = NO;
				GCC_NO_COMMON_BLOCKS = YES;
				GCC_OPTIMIZATION_LEVEL = 0;
				GCC_PREPROCESSOR_DEFINITIONS = (
					"DEBUG=1",
					"$(inherited)",
				);
				GCC_WARN_64_TO_32_BIT_CONVERSION = YES;
				GCC_WARN_ABOUT_RETURN_TYPE = YES_ERROR;
				GCC_WARN_UNDECLARED_SELECTOR = YES;
				GCC_WARN_UNINITIALIZED_AUTOS = YES_AGGRESSIVE;
				GCC_WARN_UNUSED_FUNCTION = YES;
				GCC_WARN_UNUSED_VARIABLE = YES;
				IPHONEOS_DEPLOYMENT_TARGET = 11.1;
				MTL_ENABLE_DEBUG_INFO = YES;
				ONLY_ACTIVE_ARCH = YES;
				SDKROOT = iphoneos;
				SWIFT_ACTIVE_COMPILATION_CONDITIONS = DEBUG;
				SWIFT_OPTIMIZATION_LEVEL = "-Onone";
			};
			name = Debug;
		};
		9BC9915E20BC572B00E50E44 /* Release */ = {
			isa = XCBuildConfiguration;
			buildSettings = {
				ALWAYS_SEARCH_USER_PATHS = NO;
				CLANG_ANALYZER_NONNULL = YES;
				CLANG_ANALYZER_NUMBER_OBJECT_CONVERSION = YES_AGGRESSIVE;
				CLANG_CXX_LANGUAGE_STANDARD = "gnu++14";
				CLANG_CXX_LIBRARY = "libc++";
				CLANG_ENABLE_MODULES = YES;
				CLANG_ENABLE_OBJC_ARC = YES;
				CLANG_WARN_BLOCK_CAPTURE_AUTORELEASING = YES;
				CLANG_WARN_BOOL_CONVERSION = YES;
				CLANG_WARN_COMMA = YES;
				CLANG_WARN_CONSTANT_CONVERSION = YES;
				CLANG_WARN_DIRECT_OBJC_ISA_USAGE = YES_ERROR;
				CLANG_WARN_DOCUMENTATION_COMMENTS = YES;
				CLANG_WARN_EMPTY_BODY = YES;
				CLANG_WARN_ENUM_CONVERSION = YES;
				CLANG_WARN_INFINITE_RECURSION = YES;
				CLANG_WARN_INT_CONVERSION = YES;
				CLANG_WARN_NON_LITERAL_NULL_CONVERSION = YES;
				CLANG_WARN_OBJC_LITERAL_CONVERSION = YES;
				CLANG_WARN_OBJC_ROOT_CLASS = YES_ERROR;
				CLANG_WARN_RANGE_LOOP_ANALYSIS = YES;
				CLANG_WARN_STRICT_PROTOTYPES = YES;
				CLANG_WARN_SUSPICIOUS_MOVE = YES;
				CLANG_WARN_UNGUARDED_AVAILABILITY = YES_AGGRESSIVE;
				CLANG_WARN_UNREACHABLE_CODE = YES;
				CLANG_WARN__DUPLICATE_METHOD_MATCH = YES;
				CODE_SIGN_IDENTITY = "iPhone Developer";
				COPY_PHASE_STRIP = NO;
				DEBUG_INFORMATION_FORMAT = "dwarf-with-dsym";
				ENABLE_NS_ASSERTIONS = NO;
				ENABLE_STRICT_OBJC_MSGSEND = YES;
				GCC_C_LANGUAGE_STANDARD = gnu11;
				GCC_NO_COMMON_BLOCKS = YES;
				GCC_WARN_64_TO_32_BIT_CONVERSION = YES;
				GCC_WARN_ABOUT_RETURN_TYPE = YES_ERROR;
				GCC_WARN_UNDECLARED_SELECTOR = YES;
				GCC_WARN_UNINITIALIZED_AUTOS = YES_AGGRESSIVE;
				GCC_WARN_UNUSED_FUNCTION = YES;
				GCC_WARN_UNUSED_VARIABLE = YES;
				IPHONEOS_DEPLOYMENT_TARGET = 11.1;
				MTL_ENABLE_DEBUG_INFO = NO;
				SDKROOT = iphoneos;
				SWIFT_OPTIMIZATION_LEVEL = "-Owholemodule";
				VALIDATE_PRODUCT = YES;
			};
			name = Release;
		};
		9BC9916020BC572B00E50E44 /* Debug */ = {
			isa = XCBuildConfiguration;
			baseConfigurationReference = DCC0927376E41E880E748A19 /* Pods-Practista.debug.xcconfig */;
			buildSettings = {
				ASSETCATALOG_COMPILER_APPICON_NAME = AppIcon;
				CODE_SIGN_STYLE = Automatic;
				DEVELOPMENT_TEAM = LMAKNJ77KL;
				INFOPLIST_FILE = Practista/Info.plist;
				LD_RUNPATH_SEARCH_PATHS = "$(inherited) @executable_path/Frameworks";
				PRODUCT_BUNDLE_IDENTIFIER = com.brmadhusudhan.Practista;
				PRODUCT_NAME = "$(TARGET_NAME)";
				SWIFT_VERSION = 4.0;
				TARGETED_DEVICE_FAMILY = "1,2";
			};
			name = Debug;
		};
		9BC9916120BC572B00E50E44 /* Release */ = {
			isa = XCBuildConfiguration;
			baseConfigurationReference = 36EF1938AA74F1627B1F8655 /* Pods-Practista.release.xcconfig */;
			buildSettings = {
				ASSETCATALOG_COMPILER_APPICON_NAME = AppIcon;
				CODE_SIGN_STYLE = Automatic;
				DEVELOPMENT_TEAM = LMAKNJ77KL;
				INFOPLIST_FILE = Practista/Info.plist;
				LD_RUNPATH_SEARCH_PATHS = "$(inherited) @executable_path/Frameworks";
				PRODUCT_BUNDLE_IDENTIFIER = com.brmadhusudhan.Practista;
				PRODUCT_NAME = "$(TARGET_NAME)";
				SWIFT_VERSION = 4.0;
				TARGETED_DEVICE_FAMILY = "1,2";
			};
			name = Release;
		};
		9BC9916320BC572B00E50E44 /* Debug */ = {
			isa = XCBuildConfiguration;
			baseConfigurationReference = 21FE03C32A8E2EA2E8EAB9CB /* Pods-PractistaTests.debug.xcconfig */;
			buildSettings = {
				ALWAYS_EMBED_SWIFT_STANDARD_LIBRARIES = YES;
				BUNDLE_LOADER = "$(TEST_HOST)";
				CODE_SIGN_STYLE = Automatic;
				DEVELOPMENT_TEAM = LXKYY3Z6TA;
				INFOPLIST_FILE = PractistaTests/Info.plist;
				LD_RUNPATH_SEARCH_PATHS = "$(inherited) @executable_path/Frameworks @loader_path/Frameworks";
				PRODUCT_BUNDLE_IDENTIFIER = com.brmadhusudhan.PractistaTests;
				PRODUCT_NAME = "$(TARGET_NAME)";
				SWIFT_VERSION = 4.0;
				TARGETED_DEVICE_FAMILY = "1,2";
				TEST_HOST = "$(BUILT_PRODUCTS_DIR)/Practista.app/Practista";
			};
			name = Debug;
		};
		9BC9916420BC572B00E50E44 /* Release */ = {
			isa = XCBuildConfiguration;
			baseConfigurationReference = 04BFF43FB7AC6628B17AADC8 /* Pods-PractistaTests.release.xcconfig */;
			buildSettings = {
				ALWAYS_EMBED_SWIFT_STANDARD_LIBRARIES = YES;
				BUNDLE_LOADER = "$(TEST_HOST)";
				CODE_SIGN_STYLE = Automatic;
				DEVELOPMENT_TEAM = LXKYY3Z6TA;
				INFOPLIST_FILE = PractistaTests/Info.plist;
				LD_RUNPATH_SEARCH_PATHS = "$(inherited) @executable_path/Frameworks @loader_path/Frameworks";
				PRODUCT_BUNDLE_IDENTIFIER = com.brmadhusudhan.PractistaTests;
				PRODUCT_NAME = "$(TARGET_NAME)";
				SWIFT_VERSION = 4.0;
				TARGETED_DEVICE_FAMILY = "1,2";
				TEST_HOST = "$(BUILT_PRODUCTS_DIR)/Practista.app/Practista";
			};
			name = Release;
		};
		9BC9916620BC572B00E50E44 /* Debug */ = {
			isa = XCBuildConfiguration;
			baseConfigurationReference = 26B10FF8302F4A3E2AD19786 /* Pods-PractistaUITests.debug.xcconfig */;
			buildSettings = {
				ALWAYS_EMBED_SWIFT_STANDARD_LIBRARIES = YES;
				CODE_SIGN_STYLE = Automatic;
				DEVELOPMENT_TEAM = LXKYY3Z6TA;
				INFOPLIST_FILE = PractistaUITests/Info.plist;
				LD_RUNPATH_SEARCH_PATHS = "$(inherited) @executable_path/Frameworks @loader_path/Frameworks";
				PRODUCT_BUNDLE_IDENTIFIER = com.brmadhusudhan.PractistaUITests;
				PRODUCT_NAME = "$(TARGET_NAME)";
				SWIFT_VERSION = 4.0;
				TARGETED_DEVICE_FAMILY = "1,2";
				TEST_TARGET_NAME = Practista;
			};
			name = Debug;
		};
		9BC9916720BC572B00E50E44 /* Release */ = {
			isa = XCBuildConfiguration;
			baseConfigurationReference = 66854DD68C52B84104B60706 /* Pods-PractistaUITests.release.xcconfig */;
			buildSettings = {
				ALWAYS_EMBED_SWIFT_STANDARD_LIBRARIES = YES;
				CODE_SIGN_STYLE = Automatic;
				DEVELOPMENT_TEAM = LXKYY3Z6TA;
				INFOPLIST_FILE = PractistaUITests/Info.plist;
				LD_RUNPATH_SEARCH_PATHS = "$(inherited) @executable_path/Frameworks @loader_path/Frameworks";
				PRODUCT_BUNDLE_IDENTIFIER = com.brmadhusudhan.PractistaUITests;
				PRODUCT_NAME = "$(TARGET_NAME)";
				SWIFT_VERSION = 4.0;
				TARGETED_DEVICE_FAMILY = "1,2";
				TEST_TARGET_NAME = Practista;
			};
			name = Release;
		};
/* End XCBuildConfiguration section */

/* Begin XCConfigurationList section */
		9BC9912F20BC572B00E50E44 /* Build configuration list for PBXProject "Practista" */ = {
			isa = XCConfigurationList;
			buildConfigurations = (
				9BC9915D20BC572B00E50E44 /* Debug */,
				9BC9915E20BC572B00E50E44 /* Release */,
			);
			defaultConfigurationIsVisible = 0;
			defaultConfigurationName = Release;
		};
		9BC9915F20BC572B00E50E44 /* Build configuration list for PBXNativeTarget "Practista" */ = {
			isa = XCConfigurationList;
			buildConfigurations = (
				9BC9916020BC572B00E50E44 /* Debug */,
				9BC9916120BC572B00E50E44 /* Release */,
			);
			defaultConfigurationIsVisible = 0;
			defaultConfigurationName = Release;
		};
		9BC9916220BC572B00E50E44 /* Build configuration list for PBXNativeTarget "PractistaTests" */ = {
			isa = XCConfigurationList;
			buildConfigurations = (
				9BC9916320BC572B00E50E44 /* Debug */,
				9BC9916420BC572B00E50E44 /* Release */,
			);
			defaultConfigurationIsVisible = 0;
			defaultConfigurationName = Release;
		};
		9BC9916520BC572B00E50E44 /* Build configuration list for PBXNativeTarget "PractistaUITests" */ = {
			isa = XCConfigurationList;
			buildConfigurations = (
				9BC9916620BC572B00E50E44 /* Debug */,
				9BC9916720BC572B00E50E44 /* Release */,
			);
			defaultConfigurationIsVisible = 0;
			defaultConfigurationName = Release;
		};
/* End XCConfigurationList section */

/* Begin XCVersionGroup section */
		9BC9913E20BC572B00E50E44 /* Practista.xcdatamodeld */ = {
			isa = XCVersionGroup;
			children = (
				9BC9913F20BC572B00E50E44 /* Practista.xcdatamodel */,
			);
			currentVersion = 9BC9913F20BC572B00E50E44 /* Practista.xcdatamodel */;
			path = Practista.xcdatamodeld;
			sourceTree = "<group>";
			versionGroupType = wrapper.xcdatamodel;
		};
/* End XCVersionGroup section */
	};
	rootObject = 9BC9912C20BC572B00E50E44 /* Project object */;
}
